{
  "pins" : [
    {
      "identity" : "dkcamera",
      "kind" : "remoteSourceControl",
      "location" : "https://github.com/lightningkite/DKCamera",
      "state" : {
        "revision" : "705aa2c75d1cf31cc011c3fcbe3e086165a38438",
        "version" : "1.6.11"
      }
    },
    {
      "identity" : "dkphotogallery",
      "kind" : "remoteSourceControl",
      "location" : "https://github.com/zhangao0086/DKPhotoGallery",
      "state" : {
        "branch" : "master",
        "revision" : "311c1bc7a94f1538f82773a79c84374b12a2ef3d"
      }
    },
    {
      "identity" : "sdwebimage",
      "kind" : "remoteSourceControl",
      "location" : "https://github.com/SDWebImage/SDWebImage",
      "state" : {
        "revision" : "3e48cb68d8e668d146dc59c73fb98cb628616236",
        "version" : "5.13.2"
      }
    },
    {
      "identity" : "swiftygif",
      "kind" : "remoteSourceControl",
      "location" : "https://github.com/kirualex/SwiftyGif.git",
      "state" : {
        "revision" : "db0c122b671bc9760385e0355be00eede3b7bb44",
        "version" : "5.4.3"
      }
    },
    {
      "identity" : "tocropviewcontroller",
      "kind" : "remoteSourceControl",
      "location" : "https://github.com/TimOliver/TOCropViewController",
      "state" : {
        "revision" : "dad97167bf1be16aeecd109130900995dd01c515",
        "version" : "2.6.0"
      }
    }
  ],
  "version" : 2
}
